{
  "version": 4,
  "terraform_version": "1.5.7",
  "serial": 8,
  "lineage": "d5fa9ff3-4911-835f-50ad-a39b255c7267",
  "outputs": {},
  "resources": [
    {
      "mode": "managed",
      "type": "aws_key_pair",
      "name": "alexai",
      "provider": "provider[\"registry.terraform.io/hashicorp/aws\"]",
      "instances": [
        {
          "schema_version": 1,
          "attributes": {
            "arn": "arn:aws:ec2:us-east-2:860268930466:key-pair/AlexKeyPair",
            "fingerprint": "6a:3a:75:26:3f:9c:1b:1d:be:2a:51:f3:ad:75:98:7d",
            "id": "AlexKeyPair",
            "key_name": "AlexKeyPair",
            "key_name_prefix": "",
            "key_pair_id": "key-068771ccdef917d02",
            "key_type": "rsa",
            "public_key": "ssh-rsa AAAAB3NzaC1yc2EAAAADAQABAAACAQCeO9l3+ucu3cAY1QymshtLqM+Hxi2AXyTqAODUr/Q7UPLO2SGF94eid2WkMLLNYPTYFf9zLnVagBRw+TBIROv0QEIzTQjeEvERYymg7d7QF7aZrdGtF9+dFtgqTaiW429hdhkN8UFB624EjdjPOzic3ERUn/ND76t1zk1hEeSu/qiqhvWJewX8AGvpVxVr6v9j6rWC+g5XmEb+F3sSpDwU7tHV7UuIxMu5Z3GXXWKqHFmjfjviuvHK+AbWrT2pjnf+hrn+fNb0I/CXX/vOnTbtpeItiqxmstDv2ospPPSiwWdhWnFl05dqB5vP2Vn+NxQX4XqAWtA9iq75qVp9ZvH9AMnrAokFg5KNZxYzJmBaizbmtVtm2vHkk5vAQoZJd5rM3bUEsqzlJvMoiY484nLZjQzBPMvs+AuCdhgwHnvk752566q9bsvfNvSbwh+G75XDqehOkcxusJc/4EZAz0bORwZh5vRhw/7Cyfd9ZH9HxPPW6mv4qqGBQXwdWn73G/b6h8rTxfsjXIVYYrMujvQqbPQ5BuU1YbxDqwvwn2QSAtUtF/KWWt9WCAqX/h8foruNxenR4VhGlckQLvsLDpEfm9+L3+R32LCNw4nVDrJV974VCyUUbGP0BYe05sm8zJgztytA1+0f5pMNTyvYVE8KtVeSLnZlDZYOoJouABwtUw== AlexAI EC2 Key",
            "tags": null,
            "tags_all": {}
          },
          "sensitive_attributes": [],
          "private": "eyJzY2hlbWFfdmVyc2lvbiI6IjEifQ=="
        }
      ]
    },
    {
      "mode": "managed",
      "type": "aws_security_group",
      "name": "arangodb_sg",
      "provider": "provider[\"registry.terraform.io/hashicorp/aws\"]",
      "instances": [
        {
          "schema_version": 1,
          "attributes": {
            "arn": "arn:aws:ec2:us-east-2:860268930466:security-group/sg-0cd390a3ef2beaa5f",
            "description": "Allow ArangoDB traffic",
            "egress": [
              {
                "cidr_blocks": [
                  "0.0.0.0/0"
                ],
                "description": "",
                "from_port": 0,
                "ipv6_cidr_blocks": [],
                "prefix_list_ids": [],
                "protocol": "-1",
                "security_groups": [],
                "self": false,
                "to_port": 0
              }
            ],
            "id": "sg-0cd390a3ef2beaa5f",
            "ingress": [
              {
                "cidr_blocks": [
                  "0.0.0.0/0"
                ],
                "description": "",
                "from_port": 8529,
                "ipv6_cidr_blocks": [],
                "prefix_list_ids": [],
                "protocol": "tcp",
                "security_groups": [],
                "self": false,
                "to_port": 8529
              }
            ],
            "name": "AlexAI-ArangoDB-SG",
            "name_prefix": "",
            "owner_id": "860268930466",
            "revoke_rules_on_delete": false,
            "tags": {},
            "tags_all": {},
            "timeouts": null,
            "vpc_id": "vpc-25a3484e"
          },
          "sensitive_attributes": [],
          "private": "eyJlMmJmYjczMC1lY2FhLTExZTYtOGY4OC0zNDM2M2JjN2M0YzAiOnsiY3JlYXRlIjo2MDAwMDAwMDAwMDAsImRlbGV0ZSI6OTAwMDAwMDAwMDAwfSwic2NoZW1hX3ZlcnNpb24iOiIxIn0="
        }
      ]
    }
  ],
  "check_results": null
}
