{
  "version": 4,
  "terraform_version": "1.5.7",
  "serial": 10,
  "lineage": "d5fa9ff3-4911-835f-50ad-a39b255c7267",
  "outputs": {},
  "resources": [
    {
      "mode": "managed",
      "type": "aws_instance",
      "name": "arangodb",
      "provider": "provider[\"registry.terraform.io/hashicorp/aws\"]",
      "instances": [
        {
          "schema_version": 1,
          "attributes": {
            "ami": "ami-0a91cd140a1fc148a",
            "arn": "arn:aws:ec2:us-east-2:860268930466:instance/i-069d78dcedb73d797",
            "associate_public_ip_address": true,
            "availability_zone": "us-east-2b",
            "capacity_reservation_specification": [
              {
                "capacity_reservation_preference": "open",
                "capacity_reservation_target": []
              }
            ],
            "cpu_core_count": 1,
            "cpu_options": [
              {
                "amd_sev_snp": "",
                "core_count": 1,
                "threads_per_core": 2
              }
            ],
            "cpu_threads_per_core": 2,
            "credit_specification": [
              {
                "cpu_credits": "unlimited"
              }
            ],
            "disable_api_stop": false,
            "disable_api_termination": false,
            "ebs_block_device": [],
            "ebs_optimized": false,
            "enable_primary_ipv6": null,
            "enclave_options": [
              {
                "enabled": false
              }
            ],
            "ephemeral_block_device": [],
            "get_password_data": false,
            "hibernation": false,
            "host_id": "",
            "host_resource_group_arn": null,
            "iam_instance_profile": "",
            "id": "i-069d78dcedb73d797",
            "instance_initiated_shutdown_behavior": "stop",
            "instance_lifecycle": "",
            "instance_market_options": [],
            "instance_state": "running",
            "instance_type": "t3.medium",
            "ipv6_address_count": 0,
            "ipv6_addresses": [],
            "key_name": "AlexKeyPair",
            "launch_template": [],
            "maintenance_options": [
              {
                "auto_recovery": "default"
              }
            ],
            "metadata_options": [
              {
                "http_endpoint": "enabled",
                "http_protocol_ipv6": "disabled",
                "http_put_response_hop_limit": 1,
                "http_tokens": "optional",
                "instance_metadata_tags": "disabled"
              }
            ],
            "monitoring": false,
            "network_interface": [],
            "outpost_arn": "",
            "password_data": "",
            "placement_group": "",
            "placement_partition_number": 0,
            "primary_network_interface_id": "eni-00e7b3fd820ae5342",
            "private_dns": "ip-172-31-20-91.us-east-2.compute.internal",
            "private_dns_name_options": [
              {
                "enable_resource_name_dns_a_record": false,
                "enable_resource_name_dns_aaaa_record": false,
                "hostname_type": "ip-name"
              }
            ],
            "private_ip": "172.31.20.91",
            "public_dns": "ec2-3-128-25-123.us-east-2.compute.amazonaws.com",
            "public_ip": "3.128.25.123",
            "root_block_device": [
              {
                "delete_on_termination": true,
                "device_name": "/dev/sda1",
                "encrypted": false,
                "iops": 100,
                "kms_key_id": "",
                "tags": {},
                "tags_all": {},
                "throughput": 0,
                "volume_id": "vol-076198eff9c2bd7da",
                "volume_size": 8,
                "volume_type": "gp2"
              }
            ],
            "secondary_private_ips": [],
            "security_groups": [
              "AlexAI-ArangoDB-SG"
            ],
            "source_dest_check": true,
            "spot_instance_request_id": "",
            "subnet_id": "subnet-a8743dd2",
            "tags": {
              "Name": "AlexAI-ArangoDB"
            },
            "tags_all": {
              "Name": "AlexAI-ArangoDB"
            },
            "tenancy": "default",
            "timeouts": null,
            "user_data": "cda5f953c2332a78ef986a8afef9229a6ffb0f73",
            "user_data_base64": null,
            "user_data_replace_on_change": false,
            "volume_tags": null,
            "vpc_security_group_ids": [
              "sg-0cd390a3ef2beaa5f"
            ]
          },
          "sensitive_attributes": [],
          "private": "eyJlMmJmYjczMC1lY2FhLTExZTYtOGY4OC0zNDM2M2JjN2M0YzAiOnsiY3JlYXRlIjo2MDAwMDAwMDAwMDAsImRlbGV0ZSI6MTIwMDAwMDAwMDAwMCwicmVhZCI6OTAwMDAwMDAwMDAwLCJ1cGRhdGUiOjYwMDAwMDAwMDAwMH0sInNjaGVtYV92ZXJzaW9uIjoiMSJ9",
          "dependencies": [
            "aws_key_pair.alexai",
            "aws_security_group.arangodb_sg"
          ]
        }
      ]
    },
    {
      "mode": "managed",
      "type": "aws_key_pair",
      "name": "alexai",
      "provider": "provider[\"registry.terraform.io/hashicorp/aws\"]",
      "instances": [
        {
          "schema_version": 1,
          "attributes": {
            "arn": "arn:aws:ec2:us-east-2:860268930466:key-pair/AlexKeyPair",
            "fingerprint": "6a:3a:75:26:3f:9c:1b:1d:be:2a:51:f3:ad:75:98:7d",
            "id": "AlexKeyPair",
            "key_name": "AlexKeyPair",
            "key_name_prefix": "",
            "key_pair_id": "key-068771ccdef917d02",
            "key_type": "rsa",
            "public_key": "ssh-rsa AAAAB3NzaC1yc2EAAAADAQABAAACAQCeO9l3+ucu3cAY1QymshtLqM+Hxi2AXyTqAODUr/Q7UPLO2SGF94eid2WkMLLNYPTYFf9zLnVagBRw+TBIROv0QEIzTQjeEvERYymg7d7QF7aZrdGtF9+dFtgqTaiW429hdhkN8UFB624EjdjPOzic3ERUn/ND76t1zk1hEeSu/qiqhvWJewX8AGvpVxVr6v9j6rWC+g5XmEb+F3sSpDwU7tHV7UuIxMu5Z3GXXWKqHFmjfjviuvHK+AbWrT2pjnf+hrn+fNb0I/CXX/vOnTbtpeItiqxmstDv2ospPPSiwWdhWnFl05dqB5vP2Vn+NxQX4XqAWtA9iq75qVp9ZvH9AMnrAokFg5KNZxYzJmBaizbmtVtm2vHkk5vAQoZJd5rM3bUEsqzlJvMoiY484nLZjQzBPMvs+AuCdhgwHnvk752566q9bsvfNvSbwh+G75XDqehOkcxusJc/4EZAz0bORwZh5vRhw/7Cyfd9ZH9HxPPW6mv4qqGBQXwdWn73G/b6h8rTxfsjXIVYYrMujvQqbPQ5BuU1YbxDqwvwn2QSAtUtF/KWWt9WCAqX/h8foruNxenR4VhGlckQLvsLDpEfm9+L3+R32LCNw4nVDrJV974VCyUUbGP0BYe05sm8zJgztytA1+0f5pMNTyvYVE8KtVeSLnZlDZYOoJouABwtUw== AlexAI EC2 Key",
            "tags": {},
            "tags_all": {}
          },
          "sensitive_attributes": [],
          "private": "eyJzY2hlbWFfdmVyc2lvbiI6IjEifQ=="
        }
      ]
    },
    {
      "mode": "managed",
      "type": "aws_security_group",
      "name": "arangodb_sg",
      "provider": "provider[\"registry.terraform.io/hashicorp/aws\"]",
      "instances": [
        {
          "schema_version": 1,
          "attributes": {
            "arn": "arn:aws:ec2:us-east-2:860268930466:security-group/sg-0cd390a3ef2beaa5f",
            "description": "Allow ArangoDB traffic",
            "egress": [
              {
                "cidr_blocks": [
                  "0.0.0.0/0"
                ],
                "description": "",
                "from_port": 0,
                "ipv6_cidr_blocks": [],
                "prefix_list_ids": [],
                "protocol": "-1",
                "security_groups": [],
                "self": false,
                "to_port": 0
              }
            ],
            "id": "sg-0cd390a3ef2beaa5f",
            "ingress": [
              {
                "cidr_blocks": [
                  "0.0.0.0/0"
                ],
                "description": "",
                "from_port": 8529,
                "ipv6_cidr_blocks": [],
                "prefix_list_ids": [],
                "protocol": "tcp",
                "security_groups": [],
                "self": false,
                "to_port": 8529
              }
            ],
            "name": "AlexAI-ArangoDB-SG",
            "name_prefix": "",
            "owner_id": "860268930466",
            "revoke_rules_on_delete": false,
            "tags": {},
            "tags_all": {},
            "timeouts": null,
            "vpc_id": "vpc-25a3484e"
          },
          "sensitive_attributes": [],
          "private": "eyJlMmJmYjczMC1lY2FhLTExZTYtOGY4OC0zNDM2M2JjN2M0YzAiOnsiY3JlYXRlIjo2MDAwMDAwMDAwMDAsImRlbGV0ZSI6OTAwMDAwMDAwMDAwfSwic2NoZW1hX3ZlcnNpb24iOiIxIn0="
        }
      ]
    }
  ],
  "check_results": null
}
